
Microsoft Visual Studio Solution File, Format Version 12.00
# Visual Studio Version 17
VisualStudioVersion = 17.3.32811.315
MinimumVisualStudioVersion = 10.0.40219.1
Project("{9A19103F-16F7-4668-BE54-9A1E7A4F7556}") = "ProxyIA", "ProxyIA\ProxyIA.csproj", "{4B3D5E86-EAF3-45FC-A2F7-40EF12DABD25}"
EndProject
Project("{FAE04EC0-301F-11D3-BF4B-00C04F79EFBC}") = "IaEngine", "IaEngine\IaEngine.csproj", "{0F378BDA-5999-41DA-80B5-FE48131D2B04}"
EndProject
Global
	GlobalSection(SolutionConfigurationPlatforms) = preSolution
		Debug|Any CPU = Debug|Any CPU
		Release|Any CPU = Release|Any CPU
	EndGlobalSection
	GlobalSection(ProjectConfigurationPlatforms) = postSolution
		{4B3D5E86-EAF3-45FC-A2F7-40EF12DABD25}.Debug|Any CPU.ActiveCfg = Debug|Any CPU
		{4B3D5E86-EAF3-45FC-A2F7-40EF12DABD25}.Debug|Any CPU.Build.0 = Debug|Any CPU
		{4B3D5E86-EAF3-45FC-A2F7-40EF12DABD25}.Release|Any CPU.ActiveCfg = Release|Any CPU
		{4B3D5E86-EAF3-45FC-A2F7-40EF12DABD25}.Release|Any CPU.Build.0 = Release|Any CPU
		{0F378BDA-5999-41DA-80B5-FE48131D2B04}.Debug|Any CPU.ActiveCfg = Debug|Any CPU
		{0F378BDA-5999-41DA-80B5-FE48131D2B04}.Debug|Any CPU.Build.0 = Debug|Any CPU
		{0F378BDA-5999-41DA-80B5-FE48131D2B04}.Release|Any CPU.ActiveCfg = Release|Any CPU
		{0F378BDA-5999-41DA-80B5-FE48131D2B04}.Release|Any CPU.Build.0 = Release|Any CPU
	EndGlobalSection
	GlobalSection(SolutionProperties) = preSolution
		HideSolutionNode = FALSE
	EndGlobalSection
	GlobalSection(ExtensibilityGlobals) = postSolution
		SolutionGuid = {63262088-8B7C-406D-9915-D843C6887141}
	EndGlobalSection
EndGlobal
